
Microsoft Visual Studio Solution File, Format Version 12.00
# Visual Studio 15
VisualStudioVersion = 15.0.27130.2010
MinimumVisualStudioVersion = 10.0.40219.1
Project("{FAE04EC0-301F-11D3-BF4B-00C04F79EFBC}") = "FizzBuzzApp", "FizzBuzzApp\FizzBuzzApp.csproj", "{EC64A091-1EA7-4936-8189-A8587C18D1CC}"
EndProject
Project("{FAE04EC0-301F-11D3-BF4B-00C04F79EFBC}") = "FizzBuzzApp.Tests", "FizzBuzzApp.Tests\FizzBuzzApp.Tests.csproj", "{99BD61BF-F2E3-44D8-B30B-1F74728B152C}"
EndProject
Global
	GlobalSection(SolutionConfigurationPlatforms) = preSolution
		Debug|Any CPU = Debug|Any CPU
		Release|Any CPU = Release|Any CPU
	EndGlobalSection
	GlobalSection(ProjectConfigurationPlatforms) = postSolution
		{EC64A091-1EA7-4936-8189-A8587C18D1CC}.Debug|Any CPU.ActiveCfg = Debug|Any CPU
		{EC64A091-1EA7-4936-8189-A8587C18D1CC}.Debug|Any CPU.Build.0 = Debug|Any CPU
		{EC64A091-1EA7-4936-8189-A8587C18D1CC}.Release|Any CPU.ActiveCfg = Release|Any CPU
		{EC64A091-1EA7-4936-8189-A8587C18D1CC}.Release|Any CPU.Build.0 = Release|Any CPU
		{99BD61BF-F2E3-44D8-B30B-1F74728B152C}.Debug|Any CPU.ActiveCfg = Debug|Any CPU
		{99BD61BF-F2E3-44D8-B30B-1F74728B152C}.Debug|Any CPU.Build.0 = Debug|Any CPU
		{99BD61BF-F2E3-44D8-B30B-1F74728B152C}.Release|Any CPU.ActiveCfg = Release|Any CPU
		{99BD61BF-F2E3-44D8-B30B-1F74728B152C}.Release|Any CPU.Build.0 = Release|Any CPU
	EndGlobalSection
	GlobalSection(SolutionProperties) = preSolution
		HideSolutionNode = FALSE
	EndGlobalSection
	GlobalSection(ExtensibilityGlobals) = postSolution
		SolutionGuid = {95C00197-416D-4C9B-A19E-B27FE67487B8}
	EndGlobalSection
EndGlobal
